{
  "nodes": {
    "autodocodec": {
      "flake": false,
      "locked": {
        "lastModified": 1764669394,
        "narHash": "sha256-7NuzHgqDrSBLf3QLxJeA9c/d2bMpKBbcSQ+UejtAlH8=",
        "owner": "NorfairKing",
        "repo": "autodocodec",
        "rev": "ac2c02071d7da65b09b3ccfe41c0b60a07794d68",
        "type": "github"
      },
      "original": {
        "owner": "NorfairKing",
        "repo": "autodocodec",
        "type": "github"
      }
    },
    "dekking": {
      "flake": false,
      "locked": {
        "lastModified": 1764753165,
        "narHash": "sha256-Qv2wSsgeHWwvcrmLK7JAwRPW6c20ofKbe5yh08O4FnI=",
        "owner": "NorfairKing",
        "repo": "dekking",
        "rev": "51ac85d10513340f9c98d1688dcb151a56aeabec",
        "type": "github"
      },
      "original": {
        "owner": "NorfairKing",
        "repo": "dekking",
        "type": "github"
      }
    },
    "fast-myers-diff": {
      "flake": false,
      "locked": {
        "lastModified": 1764754983,
        "narHash": "sha256-kHKm3pU3KQ2dkFlDnUs2jO34SnBDRau6M3khUZtMx5E=",
        "owner": "NorfairKing",
        "repo": "fast-myers-diff",
        "rev": "258b03d62c679d693e13730606877bf248079b0e",
        "type": "github"
      },
      "original": {
        "owner": "NorfairKing",
        "repo": "fast-myers-diff",
        "type": "github"
      }
    },
    "feedback": {
      "inputs": {
        "autodocodec": "autodocodec",
        "dekking": "dekking",
        "fast-myers-diff": "fast-myers-diff",
        "nixpkgs": "nixpkgs",
        "pre-commit-hooks": "pre-commit-hooks",
        "safe-coloured-text": "safe-coloured-text",
        "sydtest": "sydtest",
        "validity": "validity",
        "weeder-nix": "weeder-nix"
      },
      "locked": {
        "lastModified": 1764756992,
        "narHash": "sha256-kW0KtUZxF8xeccwCEfakS9PxrcVICVTuMH2QofYZYdI=",
        "owner": "NorfairKing",
        "repo": "feedback",
        "rev": "5ec59759d4252f8d1c38c8b5e5580f543390a40e",
        "type": "github"
      },
      "original": {
        "owner": "NorfairKing",
        "repo": "feedback",
        "type": "github"
      }
    },
    "flake-compat": {
      "flake": false,
      "locked": {
        "lastModified": 1761588595,
        "narHash": "sha256-XKUZz9zewJNUj46b4AJdiRZJAvSZ0Dqj2BNfXvFlJC4=",
        "owner": "edolstra",
        "repo": "flake-compat",
        "rev": "f387cd2afec9419c8ee37694406ca490c3f34ee5",
        "type": "github"
      },
      "original": {
        "owner": "edolstra",
        "repo": "flake-compat",
        "type": "github"
      }
    },
    "flake-compat_2": {
      "flake": false,
      "locked": {
        "lastModified": 1767039857,
        "narHash": "sha256-vNpUSpF5Nuw8xvDLj2KCwwksIbjua2LZCqhV1LNRDns=",
        "owner": "NixOS",
        "repo": "flake-compat",
        "rev": "5edf11c44bc78a0d334f6334cdaf7d60d732daab",
        "type": "github"
      },
      "original": {
        "owner": "NixOS",
        "repo": "flake-compat",
        "type": "github"
      }
    },
    "flake-utils": {
      "inputs": {
        "systems": "systems"
      },
      "locked": {
        "lastModified": 1731533236,
        "narHash": "sha256-l0KFg5HjrsfsO/JpG+r7fRrqm12kzFHyUHqHCVpMMbI=",
        "owner": "numtide",
        "repo": "flake-utils",
        "rev": "11707dc2f618dd54ca8739b309ec4fc024de578b",
        "type": "github"
      },
      "original": {
        "owner": "numtide",
        "repo": "flake-utils",
        "type": "github"
      }
    },
    "gitignore": {
      "inputs": {
        "nixpkgs": [
          "feedback",
          "pre-commit-hooks",
          "nixpkgs"
        ]
      },
      "locked": {
        "lastModified": 1709087332,
        "narHash": "sha256-HG2cCnktfHsKV0s4XW83gU3F57gaTljL9KNSuG6bnQs=",
        "owner": "hercules-ci",
        "repo": "gitignore.nix",
        "rev": "637db329424fd7e46cf4185293b9cc8c88c95394",
        "type": "github"
      },
      "original": {
        "owner": "hercules-ci",
        "repo": "gitignore.nix",
        "type": "github"
      }
    },
    "gitignore_2": {
      "inputs": {
        "nixpkgs": [
          "pre-commit-hooks",
          "nixpkgs"
        ]
      },
      "locked": {
        "lastModified": 1709087332,
        "narHash": "sha256-HG2cCnktfHsKV0s4XW83gU3F57gaTljL9KNSuG6bnQs=",
        "owner": "hercules-ci",
        "repo": "gitignore.nix",
        "rev": "637db329424fd7e46cf4185293b9cc8c88c95394",
        "type": "github"
      },
      "original": {
        "owner": "hercules-ci",
        "repo": "gitignore.nix",
        "type": "github"
      }
    },
    "nix-filter": {
      "locked": {
        "lastModified": 1757882181,
        "narHash": "sha256-+cCxYIh2UNalTz364p+QYmWHs0P+6wDhiWR4jDIKQIU=",
        "owner": "numtide",
        "repo": "nix-filter",
        "rev": "59c44d1909c72441144b93cf0f054be7fe764de5",
        "type": "github"
      },
      "original": {
        "owner": "numtide",
        "repo": "nix-filter",
        "type": "github"
      }
    },
    "nixpkgs": {
      "locked": {
        "lastModified": 1764522689,
        "narHash": "sha256-SqUuBFjhl/kpDiVaKLQBoD8TLD+/cTUzzgVFoaHrkqY=",
        "owner": "NixOS",
        "repo": "nixpkgs",
        "rev": "8bb5646e0bed5dbd3ab08c7a7cc15b75ab4e1d0f",
        "type": "github"
      },
      "original": {
        "owner": "NixOS",
        "ref": "nixos-25.11",
        "repo": "nixpkgs",
        "type": "github"
      }
    },
    "nixpkgs_2": {
      "locked": {
        "lastModified": 1759417375,
        "narHash": "sha256-O7eHcgkQXJNygY6AypkF9tFhsoDQjpNEojw3eFs73Ow=",
        "owner": "NixOS",
        "repo": "nixpkgs",
        "rev": "dc704e6102e76aad573f63b74c742cd96f8f1e6c",
        "type": "github"
      },
      "original": {
        "owner": "NixOS",
        "ref": "nixpkgs-unstable",
        "repo": "nixpkgs",
        "type": "github"
      }
    },
    "nixpkgs_3": {
      "locked": {
        "lastModified": 1748026580,
        "narHash": "sha256-rWtXrcIzU5wm/C8F9LWvUfBGu5U5E7cFzPYT1pHIJaQ=",
        "owner": "NixOS",
        "repo": "nixpkgs",
        "rev": "11cb3517b3af6af300dd6c055aeda73c9bf52c48",
        "type": "github"
      },
      "original": {
        "owner": "NixOS",
        "ref": "25.05",
        "repo": "nixpkgs",
        "type": "github"
      }
    },
    "pre-commit-hooks": {
      "inputs": {
        "flake-compat": "flake-compat",
        "gitignore": "gitignore",
        "nixpkgs": "nixpkgs_2"
      },
      "locked": {
        "lastModified": 1763988335,
        "narHash": "sha256-QlcnByMc8KBjpU37rbq5iP7Cp97HvjRP0ucfdh+M4Qc=",
        "owner": "cachix",
        "repo": "pre-commit-hooks.nix",
        "rev": "50b9238891e388c9fdc6a5c49e49c42533a1b5ce",
        "type": "github"
      },
      "original": {
        "owner": "cachix",
        "repo": "pre-commit-hooks.nix",
        "type": "github"
      }
    },
    "pre-commit-hooks_2": {
      "inputs": {
        "flake-compat": "flake-compat_2",
        "gitignore": "gitignore_2",
        "nixpkgs": [
          "nixpkgs"
        ]
      },
      "locked": {
        "lastModified": 1767281941,
        "narHash": "sha256-6MkqajPICgugsuZ92OMoQcgSHnD6sJHwk8AxvMcIgTE=",
        "owner": "cachix",
        "repo": "pre-commit-hooks.nix",
        "rev": "f0927703b7b1c8d97511c4116eb9b4ec6645a0fa",
        "type": "github"
      },
      "original": {
        "owner": "cachix",
        "repo": "pre-commit-hooks.nix",
        "type": "github"
      }
    },
    "root": {
      "inputs": {
        "feedback": "feedback",
        "flake-utils": "flake-utils",
        "nix-filter": "nix-filter",
        "nixpkgs": "nixpkgs_3",
        "pre-commit-hooks": "pre-commit-hooks_2"
      }
    },
    "safe-coloured-text": {
      "flake": false,
      "locked": {
        "lastModified": 1764668050,
        "narHash": "sha256-ylZB/gDmGlnTSaQQMkt0/WPtES7T+e51gO93VXCFZ7Y=",
        "owner": "NorfairKing",
        "repo": "safe-coloured-text",
        "rev": "cc3666b9663a406583c6f7cdfccdfeb6dd2a0b10",
        "type": "github"
      },
      "original": {
        "owner": "NorfairKing",
        "repo": "safe-coloured-text",
        "type": "github"
      }
    },
    "sydtest": {
      "flake": false,
      "locked": {
        "lastModified": 1764751988,
        "narHash": "sha256-HN/Md1W4QOW2JK6MYo5fvJYTV/Gml2mrPTDigRWdLTU=",
        "owner": "NorfairKing",
        "repo": "sydtest",
        "rev": "cb0b39e0c6d573d4a91193391735b0767346ed94",
        "type": "github"
      },
      "original": {
        "owner": "NorfairKing",
        "repo": "sydtest",
        "type": "github"
      }
    },
    "systems": {
      "locked": {
        "lastModified": 1681028828,
        "narHash": "sha256-Vy1rq5AaRuLzOxct8nz4T6wlgyUR7zLU309k9mBC768=",
        "owner": "nix-systems",
        "repo": "default",
        "rev": "da67096a3b9bf56a91d16901293e51ba5b49a27e",
        "type": "github"
      },
      "original": {
        "owner": "nix-systems",
        "repo": "default",
        "type": "github"
      }
    },
    "validity": {
      "flake": false,
      "locked": {
        "lastModified": 1764582414,
        "narHash": "sha256-FUWKqUmkUMB3dsu8UmajxTMyeGq9zi1IpPS9k7pMj9c=",
        "owner": "NorfairKing",
        "repo": "validity",
        "rev": "f74f37bf5d32efc632da104fa16156665dc6cf12",
        "type": "github"
      },
      "original": {
        "owner": "NorfairKing",
        "repo": "validity",
        "type": "github"
      }
    },
    "weeder-nix": {
      "flake": false,
      "locked": {
        "lastModified": 1764753633,
        "narHash": "sha256-6552zbHzdNnkREnOluE6xePIib5cc/8Nc5OnPyHORUo=",
        "owner": "NorfairKing",
        "repo": "weeder-nix",
        "rev": "2203c43ab9f1c4e52c2cff8e3d01bbb53159b922",
        "type": "github"
      },
      "original": {
        "owner": "NorfairKing",
        "repo": "weeder-nix",
        "type": "github"
      }
    }
  },
  "root": "root",
  "version": 7
}
